
Microsoft Visual Studio Solution File, Format Version 12.00
# Visual Studio Version 17
VisualStudioVersion = 17.0.31903.59
MinimumVisualStudioVersion = 10.0.40219.1
Project("{2150E333-8FDC-42A3-9474-1A3956D46DE8}") = "src", "src", "{827E0CD3-B72D-47B6-A68D-7590B98EB39B}"
EndProject
Project("{FAE04EC0-301F-11D3-BF4B-00C04F79EFBC}") = "SafetyScale.Domain", "src\Domain\SafetyScale.Domain.csproj", "{A0D75EEC-A6C8-4F99-98A5-3C2A8F69CDE6}"
EndProject
Project("{FAE04EC0-301F-11D3-BF4B-00C04F79EFBC}") = "SafetyScale.Application", "src\Application\SafetyScale.Application.csproj", "{A639A33D-4CDB-4C76-9192-CD0BEBB3A42E}"
EndProject
Project("{FAE04EC0-301F-11D3-BF4B-00C04F79EFBC}") = "SafetyScale.Infrastructure", "src\Infrastructure\SafetyScale.Infrastructure.csproj", "{8D80FD99-4A5E-4AAE-903F-E88576459D74}"
EndProject
Project("{FAE04EC0-301F-11D3-BF4B-00C04F79EFBC}") = "SafetyScale.Api", "src\Api\SafetyScale.Api.csproj", "{BC3EBABC-E0C3-4754-AF48-F88D395753F6}"
EndProject
Project("{FAE04EC0-301F-11D3-BF4B-00C04F79EFBC}") = "SafetyScale.Tests", "src\Tests\SafetyScale.Tests.csproj", "{E26AAF12-FE18-4B23-837B-714BEDBE9E79}"
EndProject
Project("{FAE04EC0-301F-11D3-BF4B-00C04F79EFBC}") = "SafetyScale.Web.Blazor", "src\Web.Blazor\SafetyScale.Web.Blazor.csproj", "{9DE7358A-2F62-4CD6-92D3-B73F02D3D5D0}"
EndProject
Global
	GlobalSection(SolutionConfigurationPlatforms) = preSolution
		Debug|Any CPU = Debug|Any CPU
		Debug|x64 = Debug|x64
		Debug|x86 = Debug|x86
		Release|Any CPU = Release|Any CPU
		Release|x64 = Release|x64
		Release|x86 = Release|x86
	EndGlobalSection
	GlobalSection(ProjectConfigurationPlatforms) = postSolution
		{A0D75EEC-A6C8-4F99-98A5-3C2A8F69CDE6}.Debug|Any CPU.ActiveCfg = Debug|Any CPU
		{A0D75EEC-A6C8-4F99-98A5-3C2A8F69CDE6}.Debug|Any CPU.Build.0 = Debug|Any CPU
		{A0D75EEC-A6C8-4F99-98A5-3C2A8F69CDE6}.Debug|x64.ActiveCfg = Debug|Any CPU
		{A0D75EEC-A6C8-4F99-98A5-3C2A8F69CDE6}.Debug|x64.Build.0 = Debug|Any CPU
		{A0D75EEC-A6C8-4F99-98A5-3C2A8F69CDE6}.Debug|x86.ActiveCfg = Debug|Any CPU
		{A0D75EEC-A6C8-4F99-98A5-3C2A8F69CDE6}.Debug|x86.Build.0 = Debug|Any CPU
		{A0D75EEC-A6C8-4F99-98A5-3C2A8F69CDE6}.Release|Any CPU.ActiveCfg = Release|Any CPU
		{A0D75EEC-A6C8-4F99-98A5-3C2A8F69CDE6}.Release|Any CPU.Build.0 = Release|Any CPU
		{A0D75EEC-A6C8-4F99-98A5-3C2A8F69CDE6}.Release|x64.ActiveCfg = Release|Any CPU
		{A0D75EEC-A6C8-4F99-98A5-3C2A8F69CDE6}.Release|x64.Build.0 = Release|Any CPU
		{A0D75EEC-A6C8-4F99-98A5-3C2A8F69CDE6}.Release|x86.ActiveCfg = Release|Any CPU
		{A0D75EEC-A6C8-4F99-98A5-3C2A8F69CDE6}.Release|x86.Build.0 = Release|Any CPU
		{A639A33D-4CDB-4C76-9192-CD0BEBB3A42E}.Debug|Any CPU.ActiveCfg = Debug|Any CPU
		{A639A33D-4CDB-4C76-9192-CD0BEBB3A42E}.Debug|Any CPU.Build.0 = Debug|Any CPU
		{A639A33D-4CDB-4C76-9192-CD0BEBB3A42E}.Debug|x64.ActiveCfg = Debug|Any CPU
		{A639A33D-4CDB-4C76-9192-CD0BEBB3A42E}.Debug|x64.Build.0 = Debug|Any CPU
		{A639A33D-4CDB-4C76-9192-CD0BEBB3A42E}.Debug|x86.ActiveCfg = Debug|Any CPU
		{A639A33D-4CDB-4C76-9192-CD0BEBB3A42E}.Debug|x86.Build.0 = Debug|Any CPU
		{A639A33D-4CDB-4C76-9192-CD0BEBB3A42E}.Release|Any CPU.ActiveCfg = Release|Any CPU
		{A639A33D-4CDB-4C76-9192-CD0BEBB3A42E}.Release|Any CPU.Build.0 = Release|Any CPU
		{A639A33D-4CDB-4C76-9192-CD0BEBB3A42E}.Release|x64.ActiveCfg = Release|Any CPU
		{A639A33D-4CDB-4C76-9192-CD0BEBB3A42E}.Release|x64.Build.0 = Release|Any CPU
		{A639A33D-4CDB-4C76-9192-CD0BEBB3A42E}.Release|x86.ActiveCfg = Release|Any CPU
		{A639A33D-4CDB-4C76-9192-CD0BEBB3A42E}.Release|x86.Build.0 = Release|Any CPU
		{8D80FD99-4A5E-4AAE-903F-E88576459D74}.Debug|Any CPU.ActiveCfg = Debug|Any CPU
		{8D80FD99-4A5E-4AAE-903F-E88576459D74}.Debug|Any CPU.Build.0 = Debug|Any CPU
		{8D80FD99-4A5E-4AAE-903F-E88576459D74}.Debug|x64.ActiveCfg = Debug|Any CPU
		{8D80FD99-4A5E-4AAE-903F-E88576459D74}.Debug|x64.Build.0 = Debug|Any CPU
		{8D80FD99-4A5E-4AAE-903F-E88576459D74}.Debug|x86.ActiveCfg = Debug|Any CPU
		{8D80FD99-4A5E-4AAE-903F-E88576459D74}.Debug|x86.Build.0 = Debug|Any CPU
		{8D80FD99-4A5E-4AAE-903F-E88576459D74}.Release|Any CPU.ActiveCfg = Release|Any CPU
		{8D80FD99-4A5E-4AAE-903F-E88576459D74}.Release|Any CPU.Build.0 = Release|Any CPU
		{8D80FD99-4A5E-4AAE-903F-E88576459D74}.Release|x64.ActiveCfg = Release|Any CPU
		{8D80FD99-4A5E-4AAE-903F-E88576459D74}.Release|x64.Build.0 = Release|Any CPU
		{8D80FD99-4A5E-4AAE-903F-E88576459D74}.Release|x86.ActiveCfg = Release|Any CPU
		{8D80FD99-4A5E-4AAE-903F-E88576459D74}.Release|x86.Build.0 = Release|Any CPU
		{BC3EBABC-E0C3-4754-AF48-F88D395753F6}.Debug|Any CPU.ActiveCfg = Debug|Any CPU
		{BC3EBABC-E0C3-4754-AF48-F88D395753F6}.Debug|Any CPU.Build.0 = Debug|Any CPU
		{BC3EBABC-E0C3-4754-AF48-F88D395753F6}.Debug|x64.ActiveCfg = Debug|Any CPU
		{BC3EBABC-E0C3-4754-AF48-F88D395753F6}.Debug|x64.Build.0 = Debug|Any CPU
		{BC3EBABC-E0C3-4754-AF48-F88D395753F6}.Debug|x86.ActiveCfg = Debug|Any CPU
		{BC3EBABC-E0C3-4754-AF48-F88D395753F6}.Debug|x86.Build.0 = Debug|Any CPU
		{BC3EBABC-E0C3-4754-AF48-F88D395753F6}.Release|Any CPU.ActiveCfg = Release|Any CPU
		{BC3EBABC-E0C3-4754-AF48-F88D395753F6}.Release|Any CPU.Build.0 = Release|Any CPU
		{BC3EBABC-E0C3-4754-AF48-F88D395753F6}.Release|x64.ActiveCfg = Release|Any CPU
		{BC3EBABC-E0C3-4754-AF48-F88D395753F6}.Release|x64.Build.0 = Release|Any CPU
		{BC3EBABC-E0C3-4754-AF48-F88D395753F6}.Release|x86.ActiveCfg = Release|Any CPU
		{BC3EBABC-E0C3-4754-AF48-F88D395753F6}.Release|x86.Build.0 = Release|Any CPU
		{E26AAF12-FE18-4B23-837B-714BEDBE9E79}.Debug|Any CPU.ActiveCfg = Debug|Any CPU
		{E26AAF12-FE18-4B23-837B-714BEDBE9E79}.Debug|Any CPU.Build.0 = Debug|Any CPU
		{E26AAF12-FE18-4B23-837B-714BEDBE9E79}.Debug|x64.ActiveCfg = Debug|Any CPU
		{E26AAF12-FE18-4B23-837B-714BEDBE9E79}.Debug|x64.Build.0 = Debug|Any CPU
		{E26AAF12-FE18-4B23-837B-714BEDBE9E79}.Debug|x86.ActiveCfg = Debug|Any CPU
		{E26AAF12-FE18-4B23-837B-714BEDBE9E79}.Debug|x86.Build.0 = Debug|Any CPU
		{E26AAF12-FE18-4B23-837B-714BEDBE9E79}.Release|Any CPU.ActiveCfg = Release|Any CPU
		{E26AAF12-FE18-4B23-837B-714BEDBE9E79}.Release|Any CPU.Build.0 = Release|Any CPU
		{E26AAF12-FE18-4B23-837B-714BEDBE9E79}.Release|x64.ActiveCfg = Release|Any CPU
		{E26AAF12-FE18-4B23-837B-714BEDBE9E79}.Release|x64.Build.0 = Release|Any CPU
		{E26AAF12-FE18-4B23-837B-714BEDBE9E79}.Release|x86.ActiveCfg = Release|Any CPU
		{E26AAF12-FE18-4B23-837B-714BEDBE9E79}.Release|x86.Build.0 = Release|Any CPU
		{9DE7358A-2F62-4CD6-92D3-B73F02D3D5D0}.Debug|Any CPU.ActiveCfg = Debug|Any CPU
		{9DE7358A-2F62-4CD6-92D3-B73F02D3D5D0}.Debug|Any CPU.Build.0 = Debug|Any CPU
		{9DE7358A-2F62-4CD6-92D3-B73F02D3D5D0}.Debug|x64.ActiveCfg = Debug|Any CPU
		{9DE7358A-2F62-4CD6-92D3-B73F02D3D5D0}.Debug|x64.Build.0 = Debug|Any CPU
		{9DE7358A-2F62-4CD6-92D3-B73F02D3D5D0}.Debug|x86.ActiveCfg = Debug|Any CPU
		{9DE7358A-2F62-4CD6-92D3-B73F02D3D5D0}.Debug|x86.Build.0 = Debug|Any CPU
		{9DE7358A-2F62-4CD6-92D3-B73F02D3D5D0}.Release|Any CPU.ActiveCfg = Release|Any CPU
		{9DE7358A-2F62-4CD6-92D3-B73F02D3D5D0}.Release|Any CPU.Build.0 = Release|Any CPU
		{9DE7358A-2F62-4CD6-92D3-B73F02D3D5D0}.Release|x64.ActiveCfg = Release|Any CPU
		{9DE7358A-2F62-4CD6-92D3-B73F02D3D5D0}.Release|x64.Build.0 = Release|Any CPU
		{9DE7358A-2F62-4CD6-92D3-B73F02D3D5D0}.Release|x86.ActiveCfg = Release|Any CPU
		{9DE7358A-2F62-4CD6-92D3-B73F02D3D5D0}.Release|x86.Build.0 = Release|Any CPU
	EndGlobalSection
	GlobalSection(SolutionProperties) = preSolution
		HideSolutionNode = FALSE
	EndGlobalSection
	GlobalSection(NestedProjects) = preSolution
		{A0D75EEC-A6C8-4F99-98A5-3C2A8F69CDE6} = {827E0CD3-B72D-47B6-A68D-7590B98EB39B}
		{A639A33D-4CDB-4C76-9192-CD0BEBB3A42E} = {827E0CD3-B72D-47B6-A68D-7590B98EB39B}
		{8D80FD99-4A5E-4AAE-903F-E88576459D74} = {827E0CD3-B72D-47B6-A68D-7590B98EB39B}
		{BC3EBABC-E0C3-4754-AF48-F88D395753F6} = {827E0CD3-B72D-47B6-A68D-7590B98EB39B}
		{E26AAF12-FE18-4B23-837B-714BEDBE9E79} = {827E0CD3-B72D-47B6-A68D-7590B98EB39B}
		{9DE7358A-2F62-4CD6-92D3-B73F02D3D5D0} = {827E0CD3-B72D-47B6-A68D-7590B98EB39B}
	EndGlobalSection
EndGlobal
